
Microsoft Visual Studio Solution File, Format Version 12.00
# Visual Studio Version 17
VisualStudioVersion = 17.9.34714.143
MinimumVisualStudioVersion = 10.0.40219.1
Project("{9A19103F-16F7-4668-BE54-9A1E7A4F7556}") = "Tags", "Tags\Tags.csproj", "{40908E87-30D1-40F1-B8DD-5F582481075A}"
EndProject
Project("{E53339B2-1760-4266-BCC7-CA923CBCF16C}") = "docker-compose", "docker-compose.dcproj", "{08354E24-822E-4BBC-8C0B-452E83A4D89F}"
EndProject
Global
	GlobalSection(SolutionConfigurationPlatforms) = preSolution
		Debug|Any CPU = Debug|Any CPU
		Release|Any CPU = Release|Any CPU
	EndGlobalSection
	GlobalSection(ProjectConfigurationPlatforms) = postSolution
		{40908E87-30D1-40F1-B8DD-5F582481075A}.Debug|Any CPU.ActiveCfg = Debug|Any CPU
		{40908E87-30D1-40F1-B8DD-5F582481075A}.Debug|Any CPU.Build.0 = Debug|Any CPU
		{40908E87-30D1-40F1-B8DD-5F582481075A}.Release|Any CPU.ActiveCfg = Release|Any CPU
		{40908E87-30D1-40F1-B8DD-5F582481075A}.Release|Any CPU.Build.0 = Release|Any CPU
		{08354E24-822E-4BBC-8C0B-452E83A4D89F}.Debug|Any CPU.ActiveCfg = Debug|Any CPU
		{08354E24-822E-4BBC-8C0B-452E83A4D89F}.Debug|Any CPU.Build.0 = Debug|Any CPU
		{08354E24-822E-4BBC-8C0B-452E83A4D89F}.Release|Any CPU.ActiveCfg = Release|Any CPU
		{08354E24-822E-4BBC-8C0B-452E83A4D89F}.Release|Any CPU.Build.0 = Release|Any CPU
	EndGlobalSection
	GlobalSection(SolutionProperties) = preSolution
		HideSolutionNode = FALSE
	EndGlobalSection
	GlobalSection(ExtensibilityGlobals) = postSolution
		SolutionGuid = {E3884A31-C3EE-4598-94B1-E6E5818668E7}
	EndGlobalSection
EndGlobal
